
Microsoft Visual Studio Solution File, Format Version 12.00
# Visual Studio 15
VisualStudioVersion = 15.0.28307.852
MinimumVisualStudioVersion = 10.0.40219.1
Project("{8BC9CEB8-8B4A-11D0-8D11-00A0C91BC942}") = "ArcADASCanAnalyzeTools_VS", "ArcADASCanAnalyzeTools_VS\ArcADASCanAnalyzeTools_VS.vcxproj", "{B84B820E-AAFC-411D-802B-394F9A2CA8F8}"
EndProject
Global
	GlobalSection(SolutionConfigurationPlatforms) = preSolution
		Debug|x64 = Debug|x64
		Debug|x86 = Debug|x86
		release|x64 = release|x64
		release|x86 = release|x86
	EndGlobalSection
	GlobalSection(ProjectConfigurationPlatforms) = postSolution
		{B84B820E-AAFC-411D-802B-394F9A2CA8F8}.Debug|x64.ActiveCfg = Debug|x64
		{B84B820E-AAFC-411D-802B-394F9A2CA8F8}.Debug|x64.Build.0 = Debug|x64
		{B84B820E-AAFC-411D-802B-394F9A2CA8F8}.Debug|x86.ActiveCfg = Debug|Win32
		{B84B820E-AAFC-411D-802B-394F9A2CA8F8}.Debug|x86.Build.0 = Debug|Win32
		{B84B820E-AAFC-411D-802B-394F9A2CA8F8}.release|x64.ActiveCfg = release|x64
		{B84B820E-AAFC-411D-802B-394F9A2CA8F8}.release|x64.Build.0 = release|x64
		{B84B820E-AAFC-411D-802B-394F9A2CA8F8}.release|x86.ActiveCfg = release|Win32
		{B84B820E-AAFC-411D-802B-394F9A2CA8F8}.release|x86.Build.0 = release|Win32
	EndGlobalSection
	GlobalSection(SolutionProperties) = preSolution
		HideSolutionNode = FALSE
	EndGlobalSection
	GlobalSection(ExtensibilityGlobals) = postSolution
		SolutionGuid = {87BC7BD8-C61E-494C-A7F5-78DA9F5499C6}
	EndGlobalSection
EndGlobal
